// !$*UTF8*$!
{
	archiveVersion = 1;
	classes = {
	};
	objectVersion = 46;
	objects = {

/* Begin PBXBuildFile section */
		318312D3153E931B00C09430 /* UIKit.framework in Frameworks */ = {isa = PBXBuildFile; fileRef = 318312D2153E931B00C09430 /* UIKit.framework */; };
		318312D5153E931B00C09430 /* Foundation.framework in Frameworks */ = {isa = PBXBuildFile; fileRef = 318312D4153E931B00C09430 /* Foundation.framework */; };
		318312D7153E931B00C09430 /* CoreGraphics.framework in Frameworks */ = {isa = PBXBuildFile; fileRef = 318312D6153E931B00C09430 /* CoreGraphics.framework */; };
		318312DD153E931B00C09430 /* InfoPlist.strings in Resources */ = {isa = PBXBuildFile; fileRef = 318312DB153E931B00C09430 /* InfoPlist.strings */; };
		318312E0153E931B00C09430 /* main.m in Sources */ = {isa = PBXBuildFile; fileRef = 318312DF153E931B00C09430 /* main.m */; };
		318312E3153E931B00C09430 /* test1AppDelegate.m in Sources */ = {isa = PBXBuildFile; fileRef = 318312E2153E931B00C09430 /* test1AppDelegate.m */; };
		318312E6153E931B00C09430 /* MainWindow.xib in Resources */ = {isa = PBXBuildFile; fileRef = 318312E4153E931B00C09430 /* MainWindow.xib */; };
		318312E9153E931B00C09430 /* test1ViewController.m in Sources */ = {isa = PBXBuildFile; fileRef = 318312E8153E931B00C09430 /* test1ViewController.m */; };
		318312EC153E931B00C09430 /* test1ViewController.xib in Resources */ = {isa = PBXBuildFile; fileRef = 318312EA153E931B00C09430 /* test1ViewController.xib */; };
		318312F3153E931C00C09430 /* UIKit.framework in Frameworks */ = {isa = PBXBuildFile; fileRef = 318312D2153E931B00C09430 /* UIKit.framework */; };
		318312F4153E931C00C09430 /* Foundation.framework in Frameworks */ = {isa = PBXBuildFile; fileRef = 318312D4153E931B00C09430 /* Foundation.framework */; };
		318312F5153E931C00C09430 /* CoreGraphics.framework in Frameworks */ = {isa = PBXBuildFile; fileRef = 318312D6153E931B00C09430 /* CoreGraphics.framework */; };
		318312FD153E931C00C09430 /* InfoPlist.strings in Resources */ = {isa = PBXBuildFile; fileRef = 318312FB153E931C00C09430 /* InfoPlist.strings */; };
		31831300153E931C00C09430 /* test1Tests.h in Resources */ = {isa = PBXBuildFile; fileRef = 318312FF153E931C00C09430 /* test1Tests.h */; };
		31831302153E931C00C09430 /* test1Tests.m in Sources */ = {isa = PBXBuildFile; fileRef = 31831301153E931C00C09430 /* test1Tests.m */; };
/* End PBXBuildFile section */

/* Begin PBXContainerItemProxy section */
		318312F6153E931C00C09430 /* PBXContainerItemProxy */ = {
			isa = PBXContainerItemProxy;
			containerPortal = 318312C5153E931A00C09430 /* Project object */;
			proxyType = 1;
			remoteGlobalIDString = 318312CD153E931B00C09430;
			remoteInfo = test1;
		};
/* End PBXContainerItemProxy section */

/* Begin PBXFileReference section */
		318312CE153E931B00C09430 /* test1.app */ = {isa = PBXFileReference; explicitFileType = wrapper.application; includeInIndex = 0; path = test1.app; sourceTree = BUILT_PRODUCTS_DIR; };
		318312D2153E931B00C09430 /* UIKit.framework */ = {isa = PBXFileReference; lastKnownFileType = wrapper.framework; name = UIKit.framework; path = System/Library/Frameworks/UIKit.framework; sourceTree = SDKROOT; };
		318312D4153E931B00C09430 /* Foundation.framework */ = {isa = PBXFileReference; lastKnownFileType = wrapper.framework; name = Foundation.framework; path = System/Library/Frameworks/Foundation.framework; sourceTree = SDKROOT; };
		318312D6153E931B00C09430 /* CoreGraphics.framework */ = {isa = PBXFileReference; lastKnownFileType = wrapper.framework; name = CoreGraphics.framework; path = System/Library/Frameworks/CoreGraphics.framework; sourceTree = SDKROOT; };
		318312DA153E931B00C09430 /* test1-Info.plist */ = {isa = PBXFileReference; path = "test1-Info.plist"; sourceTree = "<group>"; };
		318312DC153E931B00C09430 /* en */ = {isa = PBXFileReference; lastKnownFileType = text.plist.strings; name = en; path = en.lproj/InfoPlist.strings; sourceTree = "<group>"; };
		318312DE153E931B00C09430 /* test1-Prefix.pch */ = {isa = PBXFileReference; path = "test1-Prefix.pch"; sourceTree = "<group>"; };
		318312DF153E931B00C09430 /* main.m */ = {isa = PBXFileReference; lastKnownFileType = sourcecode.c.objc; path = main.m; sourceTree = "<group>"; };
		318312E1153E931B00C09430 /* test1AppDelegate.h */ = {isa = PBXFileReference; path = test1AppDelegate.h; sourceTree = "<group>"; };
		318312E2153E931B00C09430 /* test1AppDelegate.m */ = {isa = PBXFileReference; lastKnownFileType = sourcecode.c.objc; path = test1AppDelegate.m; sourceTree = "<group>"; };
		318312E5153E931B00C09430 /* en */ = {isa = PBXFileReference; lastKnownFileType = file.xib; name = en; path = en.lproj/MainWindow.xib; sourceTree = "<group>"; };
		318312E7153E931B00C09430 /* test1ViewController.h */ = {isa = PBXFileReference; path = test1ViewController.h; sourceTree = "<group>"; };
		318312E8153E931B00C09430 /* test1ViewController.m */ = {isa = PBXFileReference; lastKnownFileType = sourcecode.c.objc; path = test1ViewController.m; sourceTree = "<group>"; };
		318312EB153E931B00C09430 /* en */ = {isa = PBXFileReference; lastKnownFileType = file.xib; name = en; path = en.lproj/test1ViewController.xib; sourceTree = "<group>"; };
		318312F2153E931C00C09430 /* test1Tests.octest */ = {isa = PBXFileReference; explicitFileType = wrapper.cfbundle; includeInIndex = 0; path = test1Tests.octest; sourceTree = BUILT_PRODUCTS_DIR; };
		318312FA153E931C00C09430 /* test1Tests-Info.plist */ = {isa = PBXFileReference; path = "test1Tests-Info.plist"; sourceTree = "<group>"; };
		318312FC153E931C00C09430 /* en */ = {isa = PBXFileReference; lastKnownFileType = text.plist.strings; name = en; path = en.lproj/InfoPlist.strings; sourceTree = "<group>"; };
		318312FE153E931C00C09430 /* test1Tests-Prefix.pch */ = {isa = PBXFileReference; path = "test1Tests-Prefix.pch"; sourceTree = "<group>"; };
		318312FF153E931C00C09430 /* test1Tests.h */ = {isa = PBXFileReference; lastKnownFileType = sourcecode.c.h; path = test1Tests.h; sourceTree = "<group>"; };
		31831301153E931C00C09430 /* test1Tests.m */ = {isa = PBXFileReference; lastKnownFileType = sourcecode.c.objc; path = test1Tests.m; sourceTree = "<group>"; };
/* End PBXFileReference section */

/* Begin PBXFrameworksBuildPhase section */
		318312CB153E931B00C09430 /* Frameworks */ = {
			isa = PBXFrameworksBuildPhase;
			buildActionMask = 2147483647;
			files = (
				318312D3153E931B00C09430 /* UIKit.framework in Frameworks */,
				318312D5153E931B00C09430 /* Foundation.framework in Frameworks */,
				318312D7153E931B00C09430 /* CoreGraphics.framework in Frameworks */,
			);
			runOnlyForDeploymentPostprocessing = 0;
		};
		318312EE153E931C00C09430 /* Frameworks */ = {
			isa = PBXFrameworksBuildPhase;
			buildActionMask = 2147483647;
			files = (
				318312F3153E931C00C09430 /* UIKit.framework in Frameworks */,
				318312F4153E931C00C09430 /* Foundation.framework in Frameworks */,
				318312F5153E931C00C09430 /* CoreGraphics.framework in Frameworks */,
			);
			runOnlyForDeploymentPostprocessing = 0;
		};
/* End PBXFrameworksBuildPhase section */

/* Begin PBXGroup section */
		318312C3153E931A00C09430 = {
			isa = PBXGroup;
			children = (
				318312D8153E931B00C09430 /* test1 */,
				318312F8153E931C00C09430 /* test1Tests */,
				318312D1153E931B00C09430 /* Frameworks */,
				318312CF153E931B00C09430 /* Products */,
			);
			sourceTree = "<group>";
		};
		318312CF153E931B00C09430 /* Products */ = {
			isa = PBXGroup;
			children = (
				318312CE153E931B00C09430 /* test1.app */,
				318312F2153E931C00C09430 /* test1Tests.octest */,
			);
			name = Products;
			sourceTree = "<group>";
		};
		318312D1153E931B00C09430 /* Frameworks */ = {
			isa = PBXGroup;
			children = (
				318312D2153E931B00C09430 /* UIKit.framework */,
				318312D4153E931B00C09430 /* Foundation.framework */,
				318312D6153E931B00C09430 /* CoreGraphics.framework */,
			);
			name = Frameworks;
			sourceTree = "<group>";
		};
		318312D8153E931B00C09430 /* test1 */ = {
			isa = PBXGroup;
			children = (
				318312E1153E931B00C09430 /* test1AppDelegate.h */,
				318312E2153E931B00C09430 /* test1AppDelegate.m */,
				318312E4153E931B00C09430 /* MainWindow.xib */,
				318312E7153E931B00C09430 /* test1ViewController.h */,
				318312E8153E931B00C09430 /* test1ViewController.m */,
				318312EA153E931B00C09430 /* test1ViewController.xib */,
				318312D9153E931B00C09430 /* Supporting Files */,
			);
			path = test1;
			sourceTree = "<group>";
		};
		318312D9153E931B00C09430 /* Supporting Files */ = {
			isa = PBXGroup;
			children = (
				318312DA153E931B00C09430 /* test1-Info.plist */,
				318312DB153E931B00C09430 /* InfoPlist.strings */,
				318312DE153E931B00C09430 /* test1-Prefix.pch */,
				318312DF153E931B00C09430 /* main.m */,
			);
			name = "Supporting Files";
			sourceTree = "<group>";
		};
		318312F8153E931C00C09430 /* test1Tests */ = {
			isa = PBXGroup;
			children = (
				318312FF153E931C00C09430 /* test1Tests.h */,
				31831301153E931C00C09430 /* test1Tests.m */,
				318312F9153E931C00C09430 /* Supporting Files */,
			);
			path = test1Tests;
			sourceTree = "<group>";
		};
		318312F9153E931C00C09430 /* Supporting Files */ = {
			isa = PBXGroup;
			children = (
				318312FA153E931C00C09430 /* test1Tests-Info.plist */,
				318312FB153E931C00C09430 /* InfoPlist.strings */,
				318312FE153E931C00C09430 /* test1Tests-Prefix.pch */,
			);
			name = "Supporting Files";
			sourceTree = "<group>";
		};
/* End PBXGroup section */

/* Begin PBXNativeTarget section */
		318312CD153E931B00C09430 /* test1 */ = {
			isa = PBXNativeTarget;
			buildConfigurationList = 31831305153E931C00C09430 /* Build configuration list for PBXNativeTarget "test1" */;
			buildPhases = (
				318312CA153E931B00C09430 /* Sources */,
				318312CB153E931B00C09430 /* Frameworks */,
				318312CC153E931B00C09430 /* Resources */,
			);
			buildRules = (
			);
			dependencies = (
			);
			name = test1;
			productName = test1;
			productReference = 318312CE153E931B00C09430 /* test1.app */;
			productType = "com.apple.product-type.application";
		};
		318312F1153E931C00C09430 /* test1Tests */ = {
			isa = PBXNativeTarget;
			buildConfigurationList = 31831308153E931C00C09430 /* Build configuration list for PBXNativeTarget "test1Tests" */;
			buildPhases = (
				318312ED153E931C00C09430 /* Sources */,
				318312EE153E931C00C09430 /* Frameworks */,
				318312EF153E931C00C09430 /* Resources */,
				318312F0153E931C00C09430 /* ShellScript */,
			);
			buildRules = (
			);
			dependencies = (
				318312F7153E931C00C09430 /* PBXTargetDependency */,
			);
			name = test1Tests;
			productName = test1Tests;
			productReference = 318312F2153E931C00C09430 /* test1Tests.octest */;
			productType = "com.apple.product-type.bundle";
		};
/* End PBXNativeTarget section */

/* Begin PBXProject section */
		318312C5153E931A00C09430 /* Project object */ = {
			isa = PBXProject;
			attributes = {
				ORGANIZATIONNAME = NTU;
			};
			buildConfigurationList = 318312C8153E931A00C09430 /* Build configuration list for PBXProject "test1" */;
			compatibilityVersion = "Xcode 3.2";
			developmentRegion = English;
			hasScannedForEncodings = 0;
			knownRegions = (
				en,
			);
			mainGroup = 318312C3153E931A00C09430;
			productRefGroup = 318312CF153E931B00C09430 /* Products */;
			projectDirPath = "";
			projectRoot = "";
			targets = (
				318312CD153E931B00C09430 /* test1 */,
				318312F1153E931C00C09430 /* test1Tests */,
			);
		};
/* End PBXProject section */

/* Begin PBXResourcesBuildPhase section */
		318312CC153E931B00C09430 /* Resources */ = {
			isa = PBXResourcesBuildPhase;
			buildActionMask = 2147483647;
			files = (
				318312DD153E931B00C09430 /* InfoPlist.strings in Resources */,
				318312E6153E931B00C09430 /* MainWindow.xib in Resources */,
				318312EC153E931B00C09430 /* test1ViewController.xib in Resources */,
			);
			runOnlyForDeploymentPostprocessing = 0;
		};
		318312EF153E931C00C09430 /* Resources */ = {
			isa = PBXResourcesBuildPhase;
			buildActionMask = 2147483647;
			files = (
				318312FD153E931C00C09430 /* InfoPlist.strings in Resources */,
				31831300153E931C00C09430 /* test1Tests.h in Resources */,
			);
			runOnlyForDeploymentPostprocessing = 0;
		};
/* End PBXResourcesBuildPhase section */

/* Begin PBXShellScriptBuildPhase section */
		318312F0153E931C00C09430 /* ShellScript */ = {
			isa = PBXShellScriptBuildPhase;
			buildActionMask = 2147483647;
			files = (
			);
			inputPaths = (
			);
			outputPaths = (
			);
			runOnlyForDeploymentPostprocessing = 0;
			shellPath = /bin/sh;
			shellScript = "# Run the unit tests in this test bundle.\n\"${SYSTEM_DEVELOPER_DIR}/Tools/RunUnitTests\"\n";
		};
/* End PBXShellScriptBuildPhase section */

/* Begin PBXSourcesBuildPhase section */
		318312CA153E931B00C09430 /* Sources */ = {
			isa = PBXSourcesBuildPhase;
			buildActionMask = 2147483647;
			files = (
				318312E0153E931B00C09430 /* main.m in Sources */,
				318312E3153E931B00C09430 /* test1AppDelegate.m in Sources */,
				318312E9153E931B00C09430 /* test1ViewController.m in Sources */,
			);
			runOnlyForDeploymentPostprocessing = 0;
		};
		318312ED153E931C00C09430 /* Sources */ = {
			isa = PBXSourcesBuildPhase;
			buildActionMask = 2147483647;
			files = (
				31831302153E931C00C09430 /* test1Tests.m in Sources */,
			);
			runOnlyForDeploymentPostprocessing = 0;
		};
/* End PBXSourcesBuildPhase section */

/* Begin PBXTargetDependency section */
		318312F7153E931C00C09430 /* PBXTargetDependency */ = {
			isa = PBXTargetDependency;
			target = 318312CD153E931B00C09430 /* test1 */;
			targetProxy = 318312F6153E931C00C09430 /* PBXContainerItemProxy */;
		};
/* End PBXTargetDependency section */

/* Begin PBXVariantGroup section */
		318312DB153E931B00C09430 /* InfoPlist.strings */ = {
			isa = PBXVariantGroup;
			children = (
				318312DC153E931B00C09430 /* en */,
			);
			name = InfoPlist.strings;
			sourceTree = "<group>";
		};
		318312E4153E931B00C09430 /* MainWindow.xib */ = {
			isa = PBXVariantGroup;
			children = (
				318312E5153E931B00C09430 /* en */,
			);
			name = MainWindow.xib;
			sourceTree = "<group>";
		};
		318312EA153E931B00C09430 /* test1ViewController.xib */ = {
			isa = PBXVariantGroup;
			children = (
				318312EB153E931B00C09430 /* en */,
			);
			name = test1ViewController.xib;
			sourceTree = "<group>";
		};
		318312FB153E931C00C09430 /* InfoPlist.strings */ = {
			isa = PBXVariantGroup;
			children = (
				318312FC153E931C00C09430 /* en */,
			);
			name = InfoPlist.strings;
			sourceTree = "<group>";
		};
/* End PBXVariantGroup section */

/* Begin XCBuildConfiguration section */
		31831303153E931C00C09430 /* Debug */ = {
			isa = XCBuildConfiguration;
			buildSettings = {
				ARCHS = "$(ARCHS_STANDARD_32_BIT)";
				"CODE_SIGN_IDENTITY[sdk=iphoneos*]" = "iPhone Developer";
				GCC_C_LANGUAGE_STANDARD = gnu99;
				GCC_OPTIMIZATION_LEVEL = 0;
				GCC_PREPROCESSOR_DEFINITIONS = DEBUG;
				GCC_SYMBOLS_PRIVATE_EXTERN = NO;
				GCC_VERSION = com.apple.compilers.llvmgcc42;
				GCC_WARN_ABOUT_RETURN_TYPE = YES;
				GCC_WARN_UNUSED_VARIABLE = YES;
				IPHONEOS_DEPLOYMENT_TARGET = 4.3;
				SDKROOT = iphoneos;
			};
			name = Debug;
		};
		31831304153E931C00C09430 /* Release */ = {
			isa = XCBuildConfiguration;
			buildSettings = {
				ARCHS = "$(ARCHS_STANDARD_32_BIT)";
				"CODE_SIGN_IDENTITY[sdk=iphoneos*]" = "iPhone Developer";
				GCC_C_LANGUAGE_STANDARD = gnu99;
				GCC_VERSION = com.apple.compilers.llvmgcc42;
				GCC_WARN_ABOUT_RETURN_TYPE = YES;
				GCC_WARN_UNUSED_VARIABLE = YES;
				IPHONEOS_DEPLOYMENT_TARGET = 4.3;
				OTHER_CFLAGS = "-DNS_BLOCK_ASSERTIONS=1";
				SDKROOT = iphoneos;
			};
			name = Release;
		};
		31831306153E931C00C09430 /* Debug */ = {
			isa = XCBuildConfiguration;
			buildSettings = {
				ALWAYS_SEARCH_USER_PATHS = NO;
				COPY_PHASE_STRIP = NO;
				GCC_DYNAMIC_NO_PIC = NO;
				GCC_PRECOMPILE_PREFIX_HEADER = YES;
				GCC_PREFIX_HEADER = "test1/test1-Prefix.pch";
				INFOPLIST_FILE = "test1/test1-Info.plist";
				PRODUCT_NAME = "$(TARGET_NAME)";
				WRAPPER_EXTENSION = app;
			};
			name = Debug;
		};
		31831307153E931C00C09430 /* Release */ = {
			isa = XCBuildConfiguration;
			buildSettings = {
				ALWAYS_SEARCH_USER_PATHS = NO;
				COPY_PHASE_STRIP = YES;
				GCC_PRECOMPILE_PREFIX_HEADER = YES;
				GCC_PREFIX_HEADER = "test1/test1-Prefix.pch";
				INFOPLIST_FILE = "test1/test1-Info.plist";
				PRODUCT_NAME = "$(TARGET_NAME)";
				VALIDATE_PRODUCT = YES;
				WRAPPER_EXTENSION = app;
			};
			name = Release;
		};
		31831309153E931C00C09430 /* Debug */ = {
			isa = XCBuildConfiguration;
			buildSettings = {
				ALWAYS_SEARCH_USER_PATHS = NO;
				BUNDLE_LOADER = "$(BUILT_PRODUCTS_DIR)/test1.app/test1";
				FRAMEWORK_SEARCH_PATHS = (
					"$(SDKROOT)/Developer/Library/Frameworks",
					"$(DEVELOPER_LIBRARY_DIR)/Frameworks",
				);
				GCC_PRECOMPILE_PREFIX_HEADER = YES;
				GCC_PREFIX_HEADER = "test1Tests/test1Tests-Prefix.pch";
				INFOPLIST_FILE = "test1Tests/test1Tests-Info.plist";
				OTHER_LDFLAGS = (
					"-framework",
					SenTestingKit,
				);
				PRODUCT_NAME = "$(TARGET_NAME)";
				TEST_HOST = "$(BUNDLE_LOADER)";
				WRAPPER_EXTENSION = octest;
			};
			name = Debug;
		};
		3183130A153E931C00C09430 /* Release */ = {
			isa = XCBuildConfiguration;
			buildSettings = {
				ALWAYS_SEARCH_USER_PATHS = NO;
				BUNDLE_LOADER = "$(BUILT_PRODUCTS_DIR)/test1.app/test1";
				FRAMEWORK_SEARCH_PATHS = (
					"$(SDKROOT)/Developer/Library/Frameworks",
					"$(DEVELOPER_LIBRARY_DIR)/Frameworks",
				);
				GCC_PRECOMPILE_PREFIX_HEADER = YES;
				GCC_PREFIX_HEADER = "test1Tests/test1Tests-Prefix.pch";
				INFOPLIST_FILE = "test1Tests/test1Tests-Info.plist";
				OTHER_LDFLAGS = (
					"-framework",
					SenTestingKit,
				);
				PRODUCT_NAME = "$(TARGET_NAME)";
				TEST_HOST = "$(BUNDLE_LOADER)";
				WRAPPER_EXTENSION = octest;
			};
			name = Release;
		};
/* End XCBuildConfiguration section */

/* Begin XCConfigurationList section */
		318312C8153E931A00C09430 /* Build configuration list for PBXProject "test1" */ = {
			isa = XCConfigurationList;
			buildConfigurations = (
				31831303153E931C00C09430 /* Debug */,
				31831304153E931C00C09430 /* Release */,
			);
			defaultConfigurationIsVisible = 0;
			defaultConfigurationName = Release;
		};
		31831305153E931C00C09430 /* Build configuration list for PBXNativeTarget "test1" */ = {
			isa = XCConfigurationList;
			buildConfigurations = (
				31831306153E931C00C09430 /* Debug */,
				31831307153E931C00C09430 /* Release */,
			);
			defaultConfigurationIsVisible = 0;
		};
		31831308153E931C00C09430 /* Build configuration list for PBXNativeTarget "test1Tests" */ = {
			isa = XCConfigurationList;
			buildConfigurations = (
				31831309153E931C00C09430 /* Debug */,
				3183130A153E931C00C09430 /* Release */,
			);
			defaultConfigurationIsVisible = 0;
		};
/* End XCConfigurationList section */
	};
	rootObject = 318312C5153E931A00C09430 /* Project object */;
}
